// !$*UTF8*$!
{
	archiveVersion = 1;
	classes = {
	};
	objectVersion = 55;
	objects = {

/* Begin PBXBuildFile section */
		544DC1B8286BFC7A00732D0A /* AppDelegate.swift in Sources */ = {isa = PBXBuildFile; fileRef = 544DC1B7286BFC7A00732D0A /* AppDelegate.swift */; };
		544DC1BA286BFC7A00732D0A /* SceneDelegate.swift in Sources */ = {isa = PBXBuildFile; fileRef = 544DC1B9286BFC7A00732D0A /* SceneDelegate.swift */; };
		544DC1BC286BFC7A00732D0A /* ViewController.swift in Sources */ = {isa = PBXBuildFile; fileRef = 544DC1BB286BFC7A00732D0A /* ViewController.swift */; };
		544DC1BF286BFC7A00732D0A /* Main.storyboard in Resources */ = {isa = PBXBuildFile; fileRef = 544DC1BD286BFC7A00732D0A /* Main.storyboard */; };
		544DC1C1286BFC7C00732D0A /* Assets.xcassets in Resources */ = {isa = PBXBuildFile; fileRef = 544DC1C0286BFC7C00732D0A /* Assets.xcassets */; };
		544DC1C4286BFC7C00732D0A /* LaunchScreen.storyboard in Resources */ = {isa = PBXBuildFile; fileRef = 544DC1C2286BFC7C00732D0A /* LaunchScreen.storyboard */; };
		544DC1D0286BFD1000732D0A /* ProductScrollView.swift in Sources */ = {isa = PBXBuildFile; fileRef = 544DC1CF286BFD0F00732D0A /* ProductScrollView.swift */; };
		544DC1D2286BFD1800732D0A /* ProductContainerView.swift in Sources */ = {isa = PBXBuildFile; fileRef = 544DC1D1286BFD1800732D0A /* ProductContainerView.swift */; };
		544DC1D4286BFD2300732D0A /* ProductFeaturedView.swift in Sources */ = {isa = PBXBuildFile; fileRef = 544DC1D3286BFD2300732D0A /* ProductFeaturedView.swift */; };
		544DC1D6286BFD3C00732D0A /* ProductBestSellerView.swift in Sources */ = {isa = PBXBuildFile; fileRef = 544DC1D5286BFD3C00732D0A /* ProductBestSellerView.swift */; };
		544DC1D8286C00EB00732D0A /* ProductCVCell.swift in Sources */ = {isa = PBXBuildFile; fileRef = 544DC1D7286C00EB00732D0A /* ProductCVCell.swift */; };
		544DC1DB286C03E600732D0A /* Types.swift in Sources */ = {isa = PBXBuildFile; fileRef = 544DC1DA286C03E600732D0A /* Types.swift */; };
		544DC1DD286C071200732D0A /* String+Ext.swift in Sources */ = {isa = PBXBuildFile; fileRef = 544DC1DC286C071200732D0A /* String+Ext.swift */; };
		544DC1DF286C12B400732D0A /* Products.json in Resources */ = {isa = PBXBuildFile; fileRef = 544DC1DE286C12B400732D0A /* Products.json */; };
		544DC1E2286C12DD00732D0A /* ProductModel.swift in Sources */ = {isa = PBXBuildFile; fileRef = 544DC1E1286C12DD00732D0A /* ProductModel.swift */; };
		544DC1E4286C173C00732D0A /* ViewModel.swift in Sources */ = {isa = PBXBuildFile; fileRef = 544DC1E3286C173C00732D0A /* ViewModel.swift */; };
/* End PBXBuildFile section */

/* Begin PBXFileReference section */
		544DC1B4286BFC7A00732D0A /* ShoppingApp.app */ = {isa = PBXFileReference; explicitFileType = wrapper.application; includeInIndex = 0; path = ShoppingApp.app; sourceTree = BUILT_PRODUCTS_DIR; };
		544DC1B7286BFC7A00732D0A /* AppDelegate.swift */ = {isa = PBXFileReference; lastKnownFileType = sourcecode.swift; path = AppDelegate.swift; sourceTree = "<group>"; };
		544DC1B9286BFC7A00732D0A /* SceneDelegate.swift */ = {isa = PBXFileReference; lastKnownFileType = sourcecode.swift; path = SceneDelegate.swift; sourceTree = "<group>"; };
		544DC1BB286BFC7A00732D0A /* ViewController.swift */ = {isa = PBXFileReference; lastKnownFileType = sourcecode.swift; path = ViewController.swift; sourceTree = "<group>"; };
		544DC1BE286BFC7A00732D0A /* Base */ = {isa = PBXFileReference; lastKnownFileType = file.storyboard; name = Base; path = Base.lproj/Main.storyboard; sourceTree = "<group>"; };
		544DC1C0286BFC7C00732D0A /* Assets.xcassets */ = {isa = PBXFileReference; lastKnownFileType = folder.assetcatalog; path = Assets.xcassets; sourceTree = "<group>"; };
		544DC1C3286BFC7C00732D0A /* Base */ = {isa = PBXFileReference; lastKnownFileType = file.storyboard; name = Base; path = Base.lproj/LaunchScreen.storyboard; sourceTree = "<group>"; };
		544DC1C5286BFC7C00732D0A /* Info.plist */ = {isa = PBXFileReference; lastKnownFileType = text.plist.xml; path = Info.plist; sourceTree = "<group>"; };
		544DC1CF286BFD0F00732D0A /* ProductScrollView.swift */ = {isa = PBXFileReference; lastKnownFileType = sourcecode.swift; path = ProductScrollView.swift; sourceTree = "<group>"; };
		544DC1D1286BFD1800732D0A /* ProductContainerView.swift */ = {isa = PBXFileReference; lastKnownFileType = sourcecode.swift; path = ProductContainerView.swift; sourceTree = "<group>"; };
		544DC1D3286BFD2300732D0A /* ProductFeaturedView.swift */ = {isa = PBXFileReference; lastKnownFileType = sourcecode.swift; path = ProductFeaturedView.swift; sourceTree = "<group>"; };
		544DC1D5286BFD3C00732D0A /* ProductBestSellerView.swift */ = {isa = PBXFileReference; lastKnownFileType = sourcecode.swift; path = ProductBestSellerView.swift; sourceTree = "<group>"; };
		544DC1D7286C00EB00732D0A /* ProductCVCell.swift */ = {isa = PBXFileReference; lastKnownFileType = sourcecode.swift; path = ProductCVCell.swift; sourceTree = "<group>"; };
		544DC1DA286C03E600732D0A /* Types.swift */ = {isa = PBXFileReference; lastKnownFileType = sourcecode.swift; path = Types.swift; sourceTree = "<group>"; };
		544DC1DC286C071200732D0A /* String+Ext.swift */ = {isa = PBXFileReference; lastKnownFileType = sourcecode.swift; path = "String+Ext.swift"; sourceTree = "<group>"; };
		544DC1DE286C12B400732D0A /* Products.json */ = {isa = PBXFileReference; fileEncoding = 4; lastKnownFileType = text.json; path = Products.json; sourceTree = "<group>"; };
		544DC1E1286C12DD00732D0A /* ProductModel.swift */ = {isa = PBXFileReference; lastKnownFileType = sourcecode.swift; path = ProductModel.swift; sourceTree = "<group>"; };
		544DC1E3286C173C00732D0A /* ViewModel.swift */ = {isa = PBXFileReference; lastKnownFileType = sourcecode.swift; path = ViewModel.swift; sourceTree = "<group>"; };
/* End PBXFileReference section */

/* Begin PBXFrameworksBuildPhase section */
		544DC1B1286BFC7A00732D0A /* Frameworks */ = {
			isa = PBXFrameworksBuildPhase;
			buildActionMask = 2147483647;
			files = (
			);
			runOnlyForDeploymentPostprocessing = 0;
		};
/* End PBXFrameworksBuildPhase section */

/* Begin PBXGroup section */
		544DC1AB286BFC7A00732D0A = {
			isa = PBXGroup;
			children = (
				544DC1B6286BFC7A00732D0A /* ShoppingApp */,
				544DC1B5286BFC7A00732D0A /* Products */,
			);
			sourceTree = "<group>";
		};
		544DC1B5286BFC7A00732D0A /* Products */ = {
			isa = PBXGroup;
			children = (
				544DC1B4286BFC7A00732D0A /* ShoppingApp.app */,
			);
			name = Products;
			sourceTree = "<group>";
		};
		544DC1B6286BFC7A00732D0A /* ShoppingApp */ = {
			isa = PBXGroup;
			children = (
				544DC1CB286BFCAE00732D0A /* AppDelegates */,
				544DC1E0286C12D500732D0A /* Models */,
				544DC1D9286C03DA00732D0A /* MyUtils */,
				544DC1CC286BFCB500732D0A /* Controllers */,
				544DC1CD286BFCC500732D0A /* Views */,
				544DC1CE286BFCCC00732D0A /* Resources */,
			);
			path = ShoppingApp;
			sourceTree = "<group>";
		};
		544DC1CB286BFCAE00732D0A /* AppDelegates */ = {
			isa = PBXGroup;
			children = (
				544DC1B7286BFC7A00732D0A /* AppDelegate.swift */,
				544DC1B9286BFC7A00732D0A /* SceneDelegate.swift */,
			);
			path = AppDelegates;
			sourceTree = "<group>";
		};
		544DC1CC286BFCB500732D0A /* Controllers */ = {
			isa = PBXGroup;
			children = (
				544DC1E3286C173C00732D0A /* ViewModel.swift */,
				544DC1BB286BFC7A00732D0A /* ViewController.swift */,
				544DC1CF286BFD0F00732D0A /* ProductScrollView.swift */,
				544DC1D1286BFD1800732D0A /* ProductContainerView.swift */,
				544DC1D3286BFD2300732D0A /* ProductFeaturedView.swift */,
				544DC1D5286BFD3C00732D0A /* ProductBestSellerView.swift */,
				544DC1D7286C00EB00732D0A /* ProductCVCell.swift */,
			);
			path = Controllers;
			sourceTree = "<group>";
		};
		544DC1CD286BFCC500732D0A /* Views */ = {
			isa = PBXGroup;
			children = (
				544DC1BD286BFC7A00732D0A /* Main.storyboard */,
				544DC1C2286BFC7C00732D0A /* LaunchScreen.storyboard */,
			);
			path = Views;
			sourceTree = "<group>";
		};
		544DC1CE286BFCCC00732D0A /* Resources */ = {
			isa = PBXGroup;
			children = (
				544DC1C0286BFC7C00732D0A /* Assets.xcassets */,
				544DC1C5286BFC7C00732D0A /* Info.plist */,
				544DC1DE286C12B400732D0A /* Products.json */,
			);
			path = Resources;
			sourceTree = "<group>";
		};
		544DC1D9286C03DA00732D0A /* MyUtils */ = {
			isa = PBXGroup;
			children = (
				544DC1DA286C03E600732D0A /* Types.swift */,
				544DC1DC286C071200732D0A /* String+Ext.swift */,
			);
			path = MyUtils;
			sourceTree = "<group>";
		};
		544DC1E0286C12D500732D0A /* Models */ = {
			isa = PBXGroup;
			children = (
				544DC1E1286C12DD00732D0A /* ProductModel.swift */,
			);
			path = Models;
			sourceTree = "<group>";
		};
/* End PBXGroup section */

/* Begin PBXNativeTarget section */
		544DC1B3286BFC7A00732D0A /* ShoppingApp */ = {
			isa = PBXNativeTarget;
			buildConfigurationList = 544DC1C8286BFC7C00732D0A /* Build configuration list for PBXNativeTarget "ShoppingApp" */;
			buildPhases = (
				544DC1B0286BFC7A00732D0A /* Sources */,
				544DC1B1286BFC7A00732D0A /* Frameworks */,
				544DC1B2286BFC7A00732D0A /* Resources */,
			);
			buildRules = (
			);
			dependencies = (
			);
			name = ShoppingApp;
			productName = ShoppingApp;
			productReference = 544DC1B4286BFC7A00732D0A /* ShoppingApp.app */;
			productType = "com.apple.product-type.application";
		};
/* End PBXNativeTarget section */

/* Begin PBXProject section */
		544DC1AC286BFC7A00732D0A /* Project object */ = {
			isa = PBXProject;
			attributes = {
				BuildIndependentTargetsInParallel = 1;
				LastSwiftUpdateCheck = 1340;
				LastUpgradeCheck = 1340;
				TargetAttributes = {
					544DC1B3286BFC7A00732D0A = {
						CreatedOnToolsVersion = 13.4.1;
					};
				};
			};
			buildConfigurationList = 544DC1AF286BFC7A00732D0A /* Build configuration list for PBXProject "ShoppingApp" */;
			compatibilityVersion = "Xcode 13.0";
			developmentRegion = en;
			hasScannedForEncodings = 0;
			knownRegions = (
				en,
				Base,
			);
			mainGroup = 544DC1AB286BFC7A00732D0A;
			productRefGroup = 544DC1B5286BFC7A00732D0A /* Products */;
			projectDirPath = "";
			projectRoot = "";
			targets = (
				544DC1B3286BFC7A00732D0A /* ShoppingApp */,
			);
		};
/* End PBXProject section */

/* Begin PBXResourcesBuildPhase section */
		544DC1B2286BFC7A00732D0A /* Resources */ = {
			isa = PBXResourcesBuildPhase;
			buildActionMask = 2147483647;
			files = (
				544DC1C4286BFC7C00732D0A /* LaunchScreen.storyboard in Resources */,
				544DC1DF286C12B400732D0A /* Products.json in Resources */,
				544DC1C1286BFC7C00732D0A /* Assets.xcassets in Resources */,
				544DC1BF286BFC7A00732D0A /* Main.storyboard in Resources */,
			);
			runOnlyForDeploymentPostprocessing = 0;
		};
/* End PBXResourcesBuildPhase section */

/* Begin PBXSourcesBuildPhase section */
		544DC1B0286BFC7A00732D0A /* Sources */ = {
			isa = PBXSourcesBuildPhase;
			buildActionMask = 2147483647;
			files = (
				544DC1D8286C00EB00732D0A /* ProductCVCell.swift in Sources */,
				544DC1D4286BFD2300732D0A /* ProductFeaturedView.swift in Sources */,
				544DC1BC286BFC7A00732D0A /* ViewController.swift in Sources */,
				544DC1D0286BFD1000732D0A /* ProductScrollView.swift in Sources */,
				544DC1B8286BFC7A00732D0A /* AppDelegate.swift in Sources */,
				544DC1D2286BFD1800732D0A /* ProductContainerView.swift in Sources */,
				544DC1DB286C03E600732D0A /* Types.swift in Sources */,
				544DC1E2286C12DD00732D0A /* ProductModel.swift in Sources */,
				544DC1BA286BFC7A00732D0A /* SceneDelegate.swift in Sources */,
				544DC1DD286C071200732D0A /* String+Ext.swift in Sources */,
				544DC1E4286C173C00732D0A /* ViewModel.swift in Sources */,
				544DC1D6286BFD3C00732D0A /* ProductBestSellerView.swift in Sources */,
			);
			runOnlyForDeploymentPostprocessing = 0;
		};
/* End PBXSourcesBuildPhase section */

/* Begin PBXVariantGroup section */
		544DC1BD286BFC7A00732D0A /* Main.storyboard */ = {
			isa = PBXVariantGroup;
			children = (
				544DC1BE286BFC7A00732D0A /* Base */,
			);
			name = Main.storyboard;
			sourceTree = "<group>";
		};
		544DC1C2286BFC7C00732D0A /* LaunchScreen.storyboard */ = {
			isa = PBXVariantGroup;
			children = (
				544DC1C3286BFC7C00732D0A /* Base */,
			);
			name = LaunchScreen.storyboard;
			sourceTree = "<group>";
		};
/* End PBXVariantGroup section */

/* Begin XCBuildConfiguration section */
		544DC1C6286BFC7C00732D0A /* Debug */ = {
			isa = XCBuildConfiguration;
			buildSettings = {
				ALWAYS_SEARCH_USER_PATHS = NO;
				CLANG_ANALYZER_NONNULL = YES;
				CLANG_ANALYZER_NUMBER_OBJECT_CONVERSION = YES_AGGRESSIVE;
				CLANG_CXX_LANGUAGE_STANDARD = "gnu++17";
				CLANG_ENABLE_MODULES = YES;
				CLANG_ENABLE_OBJC_ARC = YES;
				CLANG_ENABLE_OBJC_WEAK = YES;
				CLANG_WARN_BLOCK_CAPTURE_AUTORELEASING = YES;
				CLANG_WARN_BOOL_CONVERSION = YES;
				CLANG_WARN_COMMA = YES;
				CLANG_WARN_CONSTANT_CONVERSION = YES;
				CLANG_WARN_DEPRECATED_OBJC_IMPLEMENTATIONS = YES;
				CLANG_WARN_DIRECT_OBJC_ISA_USAGE = YES_ERROR;
				CLANG_WARN_DOCUMENTATION_COMMENTS = YES;
				CLANG_WARN_EMPTY_BODY = YES;
				CLANG_WARN_ENUM_CONVERSION = YES;
				CLANG_WARN_INFINITE_RECURSION = YES;
				CLANG_WARN_INT_CONVERSION = YES;
				CLANG_WARN_NON_LITERAL_NULL_CONVERSION = YES;
				CLANG_WARN_OBJC_IMPLICIT_RETAIN_SELF = YES;
				CLANG_WARN_OBJC_LITERAL_CONVERSION = YES;
				CLANG_WARN_OBJC_ROOT_CLASS = YES_ERROR;
				CLANG_WARN_QUOTED_INCLUDE_IN_FRAMEWORK_HEADER = YES;
				CLANG_WARN_RANGE_LOOP_ANALYSIS = YES;
				CLANG_WARN_STRICT_PROTOTYPES = YES;
				CLANG_WARN_SUSPICIOUS_MOVE = YES;
				CLANG_WARN_UNGUARDED_AVAILABILITY = YES_AGGRESSIVE;
				CLANG_WARN_UNREACHABLE_CODE = YES;
				CLANG_WARN__DUPLICATE_METHOD_MATCH = YES;
				COPY_PHASE_STRIP = NO;
				DEBUG_INFORMATION_FORMAT = dwarf;
				ENABLE_STRICT_OBJC_MSGSEND = YES;
				ENABLE_TESTABILITY = YES;
				GCC_C_LANGUAGE_STANDARD = gnu11;
				GCC_DYNAMIC_NO_PIC = NO;
				GCC_NO_COMMON_BLOCKS = YES;
				GCC_OPTIMIZATION_LEVEL = 0;
				GCC_PREPROCESSOR_DEFINITIONS = (
					"DEBUG=1",
					"$(inherited)",
				);
				GCC_WARN_64_TO_32_BIT_CONVERSION = YES;
				GCC_WARN_ABOUT_RETURN_TYPE = YES_ERROR;
				GCC_WARN_UNDECLARED_SELECTOR = YES;
				GCC_WARN_UNINITIALIZED_AUTOS = YES_AGGRESSIVE;
				GCC_WARN_UNUSED_FUNCTION = YES;
				GCC_WARN_UNUSED_VARIABLE = YES;
				IPHONEOS_DEPLOYMENT_TARGET = 15.5;
				MTL_ENABLE_DEBUG_INFO = INCLUDE_SOURCE;
				MTL_FAST_MATH = YES;
				ONLY_ACTIVE_ARCH = YES;
				SDKROOT = iphoneos;
				SWIFT_ACTIVE_COMPILATION_CONDITIONS = DEBUG;
				SWIFT_OPTIMIZATION_LEVEL = "-Onone";
			};
			name = Debug;
		};
		544DC1C7286BFC7C00732D0A /* Release */ = {
			isa = XCBuildConfiguration;
			buildSettings = {
				ALWAYS_SEARCH_USER_PATHS = NO;
				CLANG_ANALYZER_NONNULL = YES;
				CLANG_ANALYZER_NUMBER_OBJECT_CONVERSION = YES_AGGRESSIVE;
				CLANG_CXX_LANGUAGE_STANDARD = "gnu++17";
				CLANG_ENABLE_MODULES = YES;
				CLANG_ENABLE_OBJC_ARC = YES;
				CLANG_ENABLE_OBJC_WEAK = YES;
				CLANG_WARN_BLOCK_CAPTURE_AUTORELEASING = YES;
				CLANG_WARN_BOOL_CONVERSION = YES;
				CLANG_WARN_COMMA = YES;
				CLANG_WARN_CONSTANT_CONVERSION = YES;
				CLANG_WARN_DEPRECATED_OBJC_IMPLEMENTATIONS = YES;
				CLANG_WARN_DIRECT_OBJC_ISA_USAGE = YES_ERROR;
				CLANG_WARN_DOCUMENTATION_COMMENTS = YES;
				CLANG_WARN_EMPTY_BODY = YES;
				CLANG_WARN_ENUM_CONVERSION = YES;
				CLANG_WARN_INFINITE_RECURSION = YES;
				CLANG_WARN_INT_CONVERSION = YES;
				CLANG_WARN_NON_LITERAL_NULL_CONVERSION = YES;
				CLANG_WARN_OBJC_IMPLICIT_RETAIN_SELF = YES;
				CLANG_WARN_OBJC_LITERAL_CONVERSION = YES;
				CLANG_WARN_OBJC_ROOT_CLASS = YES_ERROR;
				CLANG_WARN_QUOTED_INCLUDE_IN_FRAMEWORK_HEADER = YES;
				CLANG_WARN_RANGE_LOOP_ANALYSIS = YES;
				CLANG_WARN_STRICT_PROTOTYPES = YES;
				CLANG_WARN_SUSPICIOUS_MOVE = YES;
				CLANG_WARN_UNGUARDED_AVAILABILITY = YES_AGGRESSIVE;
				CLANG_WARN_UNREACHABLE_CODE = YES;
				CLANG_WARN__DUPLICATE_METHOD_MATCH = YES;
				COPY_PHASE_STRIP = NO;
				DEBUG_INFORMATION_FORMAT = "dwarf-with-dsym";
				ENABLE_NS_ASSERTIONS = NO;
				ENABLE_STRICT_OBJC_MSGSEND = YES;
				GCC_C_LANGUAGE_STANDARD = gnu11;
				GCC_NO_COMMON_BLOCKS = YES;
				GCC_WARN_64_TO_32_BIT_CONVERSION = YES;
				GCC_WARN_ABOUT_RETURN_TYPE = YES_ERROR;
				GCC_WARN_UNDECLARED_SELECTOR = YES;
				GCC_WARN_UNINITIALIZED_AUTOS = YES_AGGRESSIVE;
				GCC_WARN_UNUSED_FUNCTION = YES;
				GCC_WARN_UNUSED_VARIABLE = YES;
				IPHONEOS_DEPLOYMENT_TARGET = 15.5;
				MTL_ENABLE_DEBUG_INFO = NO;
				MTL_FAST_MATH = YES;
				SDKROOT = iphoneos;
				SWIFT_COMPILATION_MODE = wholemodule;
				SWIFT_OPTIMIZATION_LEVEL = "-O";
				VALIDATE_PRODUCT = YES;
			};
			name = Release;
		};
		544DC1C9286BFC7C00732D0A /* Debug */ = {
			isa = XCBuildConfiguration;
			buildSettings = {
				ASSETCATALOG_COMPILER_APPICON_NAME = AppIcon;
				ASSETCATALOG_COMPILER_GLOBAL_ACCENT_COLOR_NAME = AccentColor;
				CODE_SIGN_STYLE = Automatic;
				CURRENT_PROJECT_VERSION = 1;
				GENERATE_INFOPLIST_FILE = YES;
				INFOPLIST_FILE = ShoppingApp/Resources/Info.plist;
				INFOPLIST_KEY_UIApplicationSupportsIndirectInputEvents = YES;
				INFOPLIST_KEY_UILaunchStoryboardName = LaunchScreen;
				INFOPLIST_KEY_UIMainStoryboardFile = Main;
				INFOPLIST_KEY_UISupportedInterfaceOrientations = UIInterfaceOrientationPortrait;
				INFOPLIST_KEY_UISupportedInterfaceOrientations_iPad = UIInterfaceOrientationPortrait;
				INFOPLIST_KEY_UISupportedInterfaceOrientations_iPhone = UIInterfaceOrientationPortrait;
				IPHONEOS_DEPLOYMENT_TARGET = 13.0;
				LD_RUNPATH_SEARCH_PATHS = (
					"$(inherited)",
					"@executable_path/Frameworks",
				);
				MARKETING_VERSION = 1.0;
				PRODUCT_BUNDLE_IDENTIFIER = com.projvn.devs.ShoppingApp;
				PRODUCT_NAME = "$(TARGET_NAME)";
				SWIFT_EMIT_LOC_STRINGS = YES;
				SWIFT_VERSION = 5.0;
				TARGETED_DEVICE_FAMILY = 1;
			};
			name = Debug;
		};
		544DC1CA286BFC7C00732D0A /* Release */ = {
			isa = XCBuildConfiguration;
			buildSettings = {
				ASSETCATALOG_COMPILER_APPICON_NAME = AppIcon;
				ASSETCATALOG_COMPILER_GLOBAL_ACCENT_COLOR_NAME = AccentColor;
				CODE_SIGN_STYLE = Automatic;
				CURRENT_PROJECT_VERSION = 1;
				GENERATE_INFOPLIST_FILE = YES;
				INFOPLIST_FILE = ShoppingApp/Resources/Info.plist;
				INFOPLIST_KEY_UIApplicationSupportsIndirectInputEvents = YES;
				INFOPLIST_KEY_UILaunchStoryboardName = LaunchScreen;
				INFOPLIST_KEY_UIMainStoryboardFile = Main;
				INFOPLIST_KEY_UISupportedInterfaceOrientations = UIInterfaceOrientationPortrait;
				INFOPLIST_KEY_UISupportedInterfaceOrientations_iPad = UIInterfaceOrientationPortrait;
				INFOPLIST_KEY_UISupportedInterfaceOrientations_iPhone = UIInterfaceOrientationPortrait;
				IPHONEOS_DEPLOYMENT_TARGET = 13.0;
				LD_RUNPATH_SEARCH_PATHS = (
					"$(inherited)",
					"@executable_path/Frameworks",
				);
				MARKETING_VERSION = 1.0;
				PRODUCT_BUNDLE_IDENTIFIER = com.projvn.devs.ShoppingApp;
				PRODUCT_NAME = "$(TARGET_NAME)";
				SWIFT_EMIT_LOC_STRINGS = YES;
				SWIFT_VERSION = 5.0;
				TARGETED_DEVICE_FAMILY = 1;
			};
			name = Release;
		};
/* End XCBuildConfiguration section */

/* Begin XCConfigurationList section */
		544DC1AF286BFC7A00732D0A /* Build configuration list for PBXProject "ShoppingApp" */ = {
			isa = XCConfigurationList;
			buildConfigurations = (
				544DC1C6286BFC7C00732D0A /* Debug */,
				544DC1C7286BFC7C00732D0A /* Release */,
			);
			defaultConfigurationIsVisible = 0;
			defaultConfigurationName = Release;
		};
		544DC1C8286BFC7C00732D0A /* Build configuration list for PBXNativeTarget "ShoppingApp" */ = {
			isa = XCConfigurationList;
			buildConfigurations = (
				544DC1C9286BFC7C00732D0A /* Debug */,
				544DC1CA286BFC7C00732D0A /* Release */,
			);
			defaultConfigurationIsVisible = 0;
			defaultConfigurationName = Release;
		};
/* End XCConfigurationList section */
	};
	rootObject = 544DC1AC286BFC7A00732D0A /* Project object */;
}
